// !$*UTF8*$!
{
	archiveVersion = 1;
	classes = {
	};
	objectVersion = 46;
	objects = {

/* Begin PBXBuildFile section */
		F39BD5C41EBEA432007875FC /* AppDelegate.swift in Sources */ = {isa = PBXBuildFile; fileRef = F39BD5C31EBEA432007875FC /* AppDelegate.swift */; };
		F39BD5C61EBEA432007875FC /* GameScene.sks in Resources */ = {isa = PBXBuildFile; fileRef = F39BD5C51EBEA432007875FC /* GameScene.sks */; };
		F39BD5C81EBEA432007875FC /* GameScene.swift in Sources */ = {isa = PBXBuildFile; fileRef = F39BD5C71EBEA432007875FC /* GameScene.swift */; };
		F39BD5CA1EBEA432007875FC /* GameViewController.swift in Sources */ = {isa = PBXBuildFile; fileRef = F39BD5C91EBEA432007875FC /* GameViewController.swift */; };
		F39BD5CD1EBEA432007875FC /* Main.storyboard in Resources */ = {isa = PBXBuildFile; fileRef = F39BD5CB1EBEA432007875FC /* Main.storyboard */; };
		F39BD5CF1EBEA432007875FC /* Assets.xcassets in Resources */ = {isa = PBXBuildFile; fileRef = F39BD5CE1EBEA432007875FC /* Assets.xcassets */; };
		F39BD5D21EBEA432007875FC /* LaunchScreen.storyboard in Resources */ = {isa = PBXBuildFile; fileRef = F39BD5D01EBEA432007875FC /* LaunchScreen.storyboard */; };
		F39BD5DD1EBEA432007875FC /* Lab3Tests.swift in Sources */ = {isa = PBXBuildFile; fileRef = F39BD5DC1EBEA432007875FC /* Lab3Tests.swift */; };
		F39BD5E81EBEA432007875FC /* Lab3UITests.swift in Sources */ = {isa = PBXBuildFile; fileRef = F39BD5E71EBEA432007875FC /* Lab3UITests.swift */; };
/* End PBXBuildFile section */

/* Begin PBXContainerItemProxy section */
		F39BD5D91EBEA432007875FC /* PBXContainerItemProxy */ = {
			isa = PBXContainerItemProxy;
			containerPortal = F39BD5B81EBEA432007875FC /* Project object */;
			proxyType = 1;
			remoteGlobalIDString = F39BD5BF1EBEA432007875FC;
			remoteInfo = Lab3;
		};
		F39BD5E41EBEA432007875FC /* PBXContainerItemProxy */ = {
			isa = PBXContainerItemProxy;
			containerPortal = F39BD5B81EBEA432007875FC /* Project object */;
			proxyType = 1;
			remoteGlobalIDString = F39BD5BF1EBEA432007875FC;
			remoteInfo = Lab3;
		};
/* End PBXContainerItemProxy section */

/* Begin PBXFileReference section */
		F39BD5C01EBEA432007875FC /* Lab3.app */ = {isa = PBXFileReference; explicitFileType = wrapper.application; includeInIndex = 0; path = Lab3.app; sourceTree = BUILT_PRODUCTS_DIR; };
		F39BD5C31EBEA432007875FC /* AppDelegate.swift */ = {isa = PBXFileReference; lastKnownFileType = sourcecode.swift; path = AppDelegate.swift; sourceTree = "<group>"; };
		F39BD5C51EBEA432007875FC /* GameScene.sks */ = {isa = PBXFileReference; lastKnownFileType = file.sks; path = GameScene.sks; sourceTree = "<group>"; };
		F39BD5C71EBEA432007875FC /* GameScene.swift */ = {isa = PBXFileReference; lastKnownFileType = sourcecode.swift; path = GameScene.swift; sourceTree = "<group>"; };
		F39BD5C91EBEA432007875FC /* GameViewController.swift */ = {isa = PBXFileReference; lastKnownFileType = sourcecode.swift; path = GameViewController.swift; sourceTree = "<group>"; };
		F39BD5CC1EBEA432007875FC /* Base */ = {isa = PBXFileReference; lastKnownFileType = file.storyboard; name = Base; path = Base.lproj/Main.storyboard; sourceTree = "<group>"; };
		F39BD5CE1EBEA432007875FC /* Assets.xcassets */ = {isa = PBXFileReference; lastKnownFileType = folder.assetcatalog; path = Assets.xcassets; sourceTree = "<group>"; };
		F39BD5D11EBEA432007875FC /* Base */ = {isa = PBXFileReference; lastKnownFileType = file.storyboard; name = Base; path = Base.lproj/LaunchScreen.storyboard; sourceTree = "<group>"; };
		F39BD5D31EBEA432007875FC /* Info.plist */ = {isa = PBXFileReference; lastKnownFileType = text.plist.xml; path = Info.plist; sourceTree = "<group>"; };
		F39BD5D81EBEA432007875FC /* Lab3Tests.xctest */ = {isa = PBXFileReference; explicitFileType = wrapper.cfbundle; includeInIndex = 0; path = Lab3Tests.xctest; sourceTree = BUILT_PRODUCTS_DIR; };
		F39BD5DC1EBEA432007875FC /* Lab3Tests.swift */ = {isa = PBXFileReference; lastKnownFileType = sourcecode.swift; path = Lab3Tests.swift; sourceTree = "<group>"; };
		F39BD5DE1EBEA432007875FC /* Info.plist */ = {isa = PBXFileReference; lastKnownFileType = text.plist.xml; path = Info.plist; sourceTree = "<group>"; };
		F39BD5E31EBEA432007875FC /* Lab3UITests.xctest */ = {isa = PBXFileReference; explicitFileType = wrapper.cfbundle; includeInIndex = 0; path = Lab3UITests.xctest; sourceTree = BUILT_PRODUCTS_DIR; };
		F39BD5E71EBEA432007875FC /* Lab3UITests.swift */ = {isa = PBXFileReference; lastKnownFileType = sourcecode.swift; path = Lab3UITests.swift; sourceTree = "<group>"; };
		F39BD5E91EBEA432007875FC /* Info.plist */ = {isa = PBXFileReference; lastKnownFileType = text.plist.xml; path = Info.plist; sourceTree = "<group>"; };
/* End PBXFileReference section */

/* Begin PBXFrameworksBuildPhase section */
		F39BD5BD1EBEA432007875FC /* Frameworks */ = {
			isa = PBXFrameworksBuildPhase;
			buildActionMask = 2147483647;
			files = (
			);
			runOnlyForDeploymentPostprocessing = 0;
		};
		F39BD5D51EBEA432007875FC /* Frameworks */ = {
			isa = PBXFrameworksBuildPhase;
			buildActionMask = 2147483647;
			files = (
			);
			runOnlyForDeploymentPostprocessing = 0;
		};
		F39BD5E01EBEA432007875FC /* Frameworks */ = {
			isa = PBXFrameworksBuildPhase;
			buildActionMask = 2147483647;
			files = (
			);
			runOnlyForDeploymentPostprocessing = 0;
		};
/* End PBXFrameworksBuildPhase section */

/* Begin PBXGroup section */
		F39BD5B71EBEA432007875FC = {
			isa = PBXGroup;
			children = (
				F39BD5C21EBEA432007875FC /* Lab3 */,
				F39BD5DB1EBEA432007875FC /* Lab3Tests */,
				F39BD5E61EBEA432007875FC /* Lab3UITests */,
				F39BD5C11EBEA432007875FC /* Products */,
			);
			sourceTree = "<group>";
		};
		F39BD5C11EBEA432007875FC /* Products */ = {
			isa = PBXGroup;
			children = (
				F39BD5C01EBEA432007875FC /* Lab3.app */,
				F39BD5D81EBEA432007875FC /* Lab3Tests.xctest */,
				F39BD5E31EBEA432007875FC /* Lab3UITests.xctest */,
			);
			name = Products;
			sourceTree = "<group>";
		};
		F39BD5C21EBEA432007875FC /* Lab3 */ = {
			isa = PBXGroup;
			children = (
				F39BD5C31EBEA432007875FC /* AppDelegate.swift */,
				F39BD5C51EBEA432007875FC /* GameScene.sks */,
				F39BD5C71EBEA432007875FC /* GameScene.swift */,
				F39BD5C91EBEA432007875FC /* GameViewController.swift */,
				F39BD5CB1EBEA432007875FC /* Main.storyboard */,
				F39BD5CE1EBEA432007875FC /* Assets.xcassets */,
				F39BD5D01EBEA432007875FC /* LaunchScreen.storyboard */,
				F39BD5D31EBEA432007875FC /* Info.plist */,
			);
			path = Lab3;
			sourceTree = "<group>";
		};
		F39BD5DB1EBEA432007875FC /* Lab3Tests */ = {
			isa = PBXGroup;
			children = (
				F39BD5DC1EBEA432007875FC /* Lab3Tests.swift */,
				F39BD5DE1EBEA432007875FC /* Info.plist */,
			);
			path = Lab3Tests;
			sourceTree = "<group>";
		};
		F39BD5E61EBEA432007875FC /* Lab3UITests */ = {
			isa = PBXGroup;
			children = (
				F39BD5E71EBEA432007875FC /* Lab3UITests.swift */,
				F39BD5E91EBEA432007875FC /* Info.plist */,
			);
			path = Lab3UITests;
			sourceTree = "<group>";
		};
/* End PBXGroup section */

/* Begin PBXNativeTarget section */
		F39BD5BF1EBEA432007875FC /* Lab3 */ = {
			isa = PBXNativeTarget;
			buildConfigurationList = F39BD5EC1EBEA432007875FC /* Build configuration list for PBXNativeTarget "Lab3" */;
			buildPhases = (
				F39BD5BC1EBEA432007875FC /* Sources */,
				F39BD5BD1EBEA432007875FC /* Frameworks */,
				F39BD5BE1EBEA432007875FC /* Resources */,
			);
			buildRules = (
			);
			dependencies = (
			);
			name = Lab3;
			productName = Lab3;
			productReference = F39BD5C01EBEA432007875FC /* Lab3.app */;
			productType = "com.apple.product-type.application";
		};
		F39BD5D71EBEA432007875FC /* Lab3Tests */ = {
			isa = PBXNativeTarget;
			buildConfigurationList = F39BD5EF1EBEA432007875FC /* Build configuration list for PBXNativeTarget "Lab3Tests" */;
			buildPhases = (
				F39BD5D41EBEA432007875FC /* Sources */,
				F39BD5D51EBEA432007875FC /* Frameworks */,
				F39BD5D61EBEA432007875FC /* Resources */,
			);
			buildRules = (
			);
			dependencies = (
				F39BD5DA1EBEA432007875FC /* PBXTargetDependency */,
			);
			name = Lab3Tests;
			productName = Lab3Tests;
			productReference = F39BD5D81EBEA432007875FC /* Lab3Tests.xctest */;
			productType = "com.apple.product-type.bundle.unit-test";
		};
		F39BD5E21EBEA432007875FC /* Lab3UITests */ = {
			isa = PBXNativeTarget;
			buildConfigurationList = F39BD5F21EBEA432007875FC /* Build configuration list for PBXNativeTarget "Lab3UITests" */;
			buildPhases = (
				F39BD5DF1EBEA432007875FC /* Sources */,
				F39BD5E01EBEA432007875FC /* Frameworks */,
				F39BD5E11EBEA432007875FC /* Resources */,
			);
			buildRules = (
			);
			dependencies = (
				F39BD5E51EBEA432007875FC /* PBXTargetDependency */,
			);
			name = Lab3UITests;
			productName = Lab3UITests;
			productReference = F39BD5E31EBEA432007875FC /* Lab3UITests.xctest */;
			productType = "com.apple.product-type.bundle.ui-testing";
		};
/* End PBXNativeTarget section */

/* Begin PBXProject section */
		F39BD5B81EBEA432007875FC /* Project object */ = {
			isa = PBXProject;
			attributes = {
				LastSwiftUpdateCheck = 0730;
				LastUpgradeCheck = 0730;
				ORGANIZATIONNAME = CMPE277;
				TargetAttributes = {
					F39BD5BF1EBEA432007875FC = {
						CreatedOnToolsVersion = 7.3;
					};
					F39BD5D71EBEA432007875FC = {
						CreatedOnToolsVersion = 7.3;
						TestTargetID = F39BD5BF1EBEA432007875FC;
					};
					F39BD5E21EBEA432007875FC = {
						CreatedOnToolsVersion = 7.3;
						TestTargetID = F39BD5BF1EBEA432007875FC;
					};
				};
			};
			buildConfigurationList = F39BD5BB1EBEA432007875FC /* Build configuration list for PBXProject "Lab3" */;
			compatibilityVersion = "Xcode 3.2";
			developmentRegion = English;
			hasScannedForEncodings = 0;
			knownRegions = (
				en,
				Base,
			);
			mainGroup = F39BD5B71EBEA432007875FC;
			productRefGroup = F39BD5C11EBEA432007875FC /* Products */;
			projectDirPath = "";
			projectRoot = "";
			targets = (
				F39BD5BF1EBEA432007875FC /* Lab3 */,
				F39BD5D71EBEA432007875FC /* Lab3Tests */,
				F39BD5E21EBEA432007875FC /* Lab3UITests */,
			);
		};
/* End PBXProject section */

/* Begin PBXResourcesBuildPhase section */
		F39BD5BE1EBEA432007875FC /* Resources */ = {
			isa = PBXResourcesBuildPhase;
			buildActionMask = 2147483647;
			files = (
				F39BD5C61EBEA432007875FC /* GameScene.sks in Resources */,
				F39BD5D21EBEA432007875FC /* LaunchScreen.storyboard in Resources */,
				F39BD5CF1EBEA432007875FC /* Assets.xcassets in Resources */,
				F39BD5CD1EBEA432007875FC /* Main.storyboard in Resources */,
			);
			runOnlyForDeploymentPostprocessing = 0;
		};
		F39BD5D61EBEA432007875FC /* Resources */ = {
			isa = PBXResourcesBuildPhase;
			buildActionMask = 2147483647;
			files = (
			);
			runOnlyForDeploymentPostprocessing = 0;
		};
		F39BD5E11EBEA432007875FC /* Resources */ = {
			isa = PBXResourcesBuildPhase;
			buildActionMask = 2147483647;
			files = (
			);
			runOnlyForDeploymentPostprocessing = 0;
		};
/* End PBXResourcesBuildPhase section */

/* Begin PBXSourcesBuildPhase section */
		F39BD5BC1EBEA432007875FC /* Sources */ = {
			isa = PBXSourcesBuildPhase;
			buildActionMask = 2147483647;
			files = (
				F39BD5C81EBEA432007875FC /* GameScene.swift in Sources */,
				F39BD5CA1EBEA432007875FC /* GameViewController.swift in Sources */,
				F39BD5C41EBEA432007875FC /* AppDelegate.swift in Sources */,
			);
			runOnlyForDeploymentPostprocessing = 0;
		};
		F39BD5D41EBEA432007875FC /* Sources */ = {
			isa = PBXSourcesBuildPhase;
			buildActionMask = 2147483647;
			files = (
				F39BD5DD1EBEA432007875FC /* Lab3Tests.swift in Sources */,
			);
			runOnlyForDeploymentPostprocessing = 0;
		};
		F39BD5DF1EBEA432007875FC /* Sources */ = {
			isa = PBXSourcesBuildPhase;
			buildActionMask = 2147483647;
			files = (
				F39BD5E81EBEA432007875FC /* Lab3UITests.swift in Sources */,
			);
			runOnlyForDeploymentPostprocessing = 0;
		};
/* End PBXSourcesBuildPhase section */

/* Begin PBXTargetDependency section */
		F39BD5DA1EBEA432007875FC /* PBXTargetDependency */ = {
			isa = PBXTargetDependency;
			target = F39BD5BF1EBEA432007875FC /* Lab3 */;
			targetProxy = F39BD5D91EBEA432007875FC /* PBXContainerItemProxy */;
		};
		F39BD5E51EBEA432007875FC /* PBXTargetDependency */ = {
			isa = PBXTargetDependency;
			target = F39BD5BF1EBEA432007875FC /* Lab3 */;
			targetProxy = F39BD5E41EBEA432007875FC /* PBXContainerItemProxy */;
		};
/* End PBXTargetDependency section */

/* Begin PBXVariantGroup section */
		F39BD5CB1EBEA432007875FC /* Main.storyboard */ = {
			isa = PBXVariantGroup;
			children = (
				F39BD5CC1EBEA432007875FC /* Base */,
			);
			name = Main.storyboard;
			sourceTree = "<group>";
		};
		F39BD5D01EBEA432007875FC /* LaunchScreen.storyboard */ = {
			isa = PBXVariantGroup;
			children = (
				F39BD5D11EBEA432007875FC /* Base */,
			);
			name = LaunchScreen.storyboard;
			sourceTree = "<group>";
		};
/* End PBXVariantGroup section */

/* Begin XCBuildConfiguration section */
		F39BD5EA1EBEA432007875FC /* Debug */ = {
			isa = XCBuildConfiguration;
			buildSettings = {
				ALWAYS_SEARCH_USER_PATHS = NO;
				CLANG_ANALYZER_NONNULL = YES;
				CLANG_CXX_LANGUAGE_STANDARD = "gnu++0x";
				CLANG_CXX_LIBRARY = "libc++";
				CLANG_ENABLE_MODULES = YES;
				CLANG_ENABLE_OBJC_ARC = YES;
				CLANG_WARN_BOOL_CONVERSION = YES;
				CLANG_WARN_CONSTANT_CONVERSION = YES;
				CLANG_WARN_DIRECT_OBJC_ISA_USAGE = YES_ERROR;
				CLANG_WARN_EMPTY_BODY = YES;
				CLANG_WARN_ENUM_CONVERSION = YES;
				CLANG_WARN_INT_CONVERSION = YES;
				CLANG_WARN_OBJC_ROOT_CLASS = YES_ERROR;
				CLANG_WARN_UNREACHABLE_CODE = YES;
				CLANG_WARN__DUPLICATE_METHOD_MATCH = YES;
				"CODE_SIGN_IDENTITY[sdk=iphoneos*]" = "iPhone Developer";
				COPY_PHASE_STRIP = NO;
				DEBUG_INFORMATION_FORMAT = "dwarf-with-dsym";
				ENABLE_STRICT_OBJC_MSGSEND = YES;
				ENABLE_TESTABILITY = YES;
				GCC_C_LANGUAGE_STANDARD = gnu99;
				GCC_DYNAMIC_NO_PIC = NO;
				GCC_NO_COMMON_BLOCKS = YES;
				GCC_OPTIMIZATION_LEVEL = 0;
				GCC_PREPROCESSOR_DEFINITIONS = (
					"DEBUG=1",
					"$(inherited)",
				);
				GCC_WARN_64_TO_32_BIT_CONVERSION = YES;
				GCC_WARN_ABOUT_RETURN_TYPE = YES_ERROR;
				GCC_WARN_UNDECLARED_SELECTOR = YES;
				GCC_WARN_UNINITIALIZED_AUTOS = YES_AGGRESSIVE;
				GCC_WARN_UNUSED_FUNCTION = YES;
				GCC_WARN_UNUSED_VARIABLE = YES;
				IPHONEOS_DEPLOYMENT_TARGET = 9.3;
				MTL_ENABLE_DEBUG_INFO = YES;
				ONLY_ACTIVE_ARCH = YES;
				SDKROOT = iphoneos;
				SWIFT_OPTIMIZATION_LEVEL = "-Onone";
			};
			name = Debug;
		};
		F39BD5EB1EBEA432007875FC /* Release */ = {
			isa = XCBuildConfiguration;
			buildSettings = {
				ALWAYS_SEARCH_USER_PATHS = NO;
				CLANG_ANALYZER_NONNULL = YES;
				CLANG_CXX_LANGUAGE_STANDARD = "gnu++0x";
				CLANG_CXX_LIBRARY = "libc++";
				CLANG_ENABLE_MODULES = YES;
				CLANG_ENABLE_OBJC_ARC = YES;
				CLANG_WARN_BOOL_CONVERSION = YES;
				CLANG_WARN_CONSTANT_CONVERSION = YES;
				CLANG_WARN_DIRECT_OBJC_ISA_USAGE = YES_ERROR;
				CLANG_WARN_EMPTY_BODY = YES;
				CLANG_WARN_ENUM_CONVERSION = YES;
				CLANG_WARN_INT_CONVERSION = YES;
				CLANG_WARN_OBJC_ROOT_CLASS = YES_ERROR;
				CLANG_WARN_UNREACHABLE_CODE = YES;
				CLANG_WARN__DUPLICATE_METHOD_MATCH = YES;
				"CODE_SIGN_IDENTITY[sdk=iphoneos*]" = "iPhone Developer";
				COPY_PHASE_STRIP = NO;
				DEBUG_INFORMATION_FORMAT = "dwarf-with-dsym";
				ENABLE_NS_ASSERTIONS = NO;
				ENABLE_STRICT_OBJC_MSGSEND = YES;
				GCC_C_LANGUAGE_STANDARD = gnu99;
				GCC_NO_COMMON_BLOCKS = YES;
				GCC_WARN_64_TO_32_BIT_CONVERSION = YES;
				GCC_WARN_ABOUT_RETURN_TYPE = YES_ERROR;
				GCC_WARN_UNDECLARED_SELECTOR = YES;
				GCC_WARN_UNINITIALIZED_AUTOS = YES_AGGRESSIVE;
				GCC_WARN_UNUSED_FUNCTION = YES;
				GCC_WARN_UNUSED_VARIABLE = YES;
				IPHONEOS_DEPLOYMENT_TARGET = 9.3;
				MTL_ENABLE_DEBUG_INFO = NO;
				SDKROOT = iphoneos;
				VALIDATE_PRODUCT = YES;
			};
			name = Release;
		};
		F39BD5ED1EBEA432007875FC /* Debug */ = {
			isa = XCBuildConfiguration;
			buildSettings = {
				ASSETCATALOG_COMPILER_APPICON_NAME = AppIcon;
				INFOPLIST_FILE = Lab3/Info.plist;
				LD_RUNPATH_SEARCH_PATHS = "$(inherited) @executable_path/Frameworks";
				PRODUCT_BUNDLE_IDENTIFIER = CMPE277.Lab3;
				PRODUCT_NAME = "$(TARGET_NAME)";
			};
			name = Debug;
		};
		F39BD5EE1EBEA432007875FC /* Release */ = {
			isa = XCBuildConfiguration;
			buildSettings = {
				ASSETCATALOG_COMPILER_APPICON_NAME = AppIcon;
				INFOPLIST_FILE = Lab3/Info.plist;
				LD_RUNPATH_SEARCH_PATHS = "$(inherited) @executable_path/Frameworks";
				PRODUCT_BUNDLE_IDENTIFIER = CMPE277.Lab3;
				PRODUCT_NAME = "$(TARGET_NAME)";
			};
			name = Release;
		};
		F39BD5F01EBEA432007875FC /* Debug */ = {
			isa = XCBuildConfiguration;
			buildSettings = {
				BUNDLE_LOADER = "$(TEST_HOST)";
				DEBUG_INFORMATION_FORMAT = dwarf;
				INFOPLIST_FILE = Lab3Tests/Info.plist;
				LD_RUNPATH_SEARCH_PATHS = "$(inherited) @executable_path/Frameworks @loader_path/Frameworks";
				PRODUCT_BUNDLE_IDENTIFIER = CMPE277.Lab3Tests;
				PRODUCT_NAME = "$(TARGET_NAME)";
				TEST_HOST = "$(BUILT_PRODUCTS_DIR)/Lab3.app/Lab3";
			};
			name = Debug;
		};
		F39BD5F11EBEA432007875FC /* Release */ = {
			isa = XCBuildConfiguration;
			buildSettings = {
				BUNDLE_LOADER = "$(TEST_HOST)";
				INFOPLIST_FILE = Lab3Tests/Info.plist;
				LD_RUNPATH_SEARCH_PATHS = "$(inherited) @executable_path/Frameworks @loader_path/Frameworks";
				PRODUCT_BUNDLE_IDENTIFIER = CMPE277.Lab3Tests;
				PRODUCT_NAME = "$(TARGET_NAME)";
				TEST_HOST = "$(BUILT_PRODUCTS_DIR)/Lab3.app/Lab3";
			};
			name = Release;
		};
		F39BD5F31EBEA432007875FC /* Debug */ = {
			isa = XCBuildConfiguration;
			buildSettings = {
				DEBUG_INFORMATION_FORMAT = dwarf;
				INFOPLIST_FILE = Lab3UITests/Info.plist;
				LD_RUNPATH_SEARCH_PATHS = "$(inherited) @executable_path/Frameworks @loader_path/Frameworks";
				PRODUCT_BUNDLE_IDENTIFIER = CMPE277.Lab3UITests;
				PRODUCT_NAME = "$(TARGET_NAME)";
				TEST_TARGET_NAME = Lab3;
			};
			name = Debug;
		};
		F39BD5F41EBEA432007875FC /* Release */ = {
			isa = XCBuildConfiguration;
			buildSettings = {
				INFOPLIST_FILE = Lab3UITests/Info.plist;
				LD_RUNPATH_SEARCH_PATHS = "$(inherited) @executable_path/Frameworks @loader_path/Frameworks";
				PRODUCT_BUNDLE_IDENTIFIER = CMPE277.Lab3UITests;
				PRODUCT_NAME = "$(TARGET_NAME)";
				TEST_TARGET_NAME = Lab3;
			};
			name = Release;
		};
/* End XCBuildConfiguration section */

/* Begin XCConfigurationList section */
		F39BD5BB1EBEA432007875FC /* Build configuration list for PBXProject "Lab3" */ = {
			isa = XCConfigurationList;
			buildConfigurations = (
				F39BD5EA1EBEA432007875FC /* Debug */,
				F39BD5EB1EBEA432007875FC /* Release */,
			);
			defaultConfigurationIsVisible = 0;
			defaultConfigurationName = Release;
		};
		F39BD5EC1EBEA432007875FC /* Build configuration list for PBXNativeTarget "Lab3" */ = {
			isa = XCConfigurationList;
			buildConfigurations = (
				F39BD5ED1EBEA432007875FC /* Debug */,
				F39BD5EE1EBEA432007875FC /* Release */,
			);
			defaultConfigurationIsVisible = 0;
		};
		F39BD5EF1EBEA432007875FC /* Build configuration list for PBXNativeTarget "Lab3Tests" */ = {
			isa = XCConfigurationList;
			buildConfigurations = (
				F39BD5F01EBEA432007875FC /* Debug */,
				F39BD5F11EBEA432007875FC /* Release */,
			);
			defaultConfigurationIsVisible = 0;
		};
		F39BD5F21EBEA432007875FC /* Build configuration list for PBXNativeTarget "Lab3UITests" */ = {
			isa = XCConfigurationList;
			buildConfigurations = (
				F39BD5F31EBEA432007875FC /* Debug */,
				F39BD5F41EBEA432007875FC /* Release */,
			);
			defaultConfigurationIsVisible = 0;
		};
/* End XCConfigurationList section */
	};
	rootObject = F39BD5B81EBEA432007875FC /* Project object */;
}
